
Microsoft Visual Studio Solution File, Format Version 12.00
# Visual Studio 14
VisualStudioVersion = 14.0.25420.1
MinimumVisualStudioVersion = 10.0.40219.1
Project("{8BC9CEB8-8B4A-11D0-8D11-00A0C91BC942}") = "Variables", "Variables\Variables.vcxproj", "{9BD4ABD6-B3CF-412C-AB35-3A4810B737E2}"
EndProject
Project("{8BC9CEB8-8B4A-11D0-8D11-00A0C91BC942}") = "swap", "swap\swap.vcxproj", "{8D9EFFFE-4749-44A3-A4AD-2E4980CF7DFF}"
EndProject
Project("{8BC9CEB8-8B4A-11D0-8D11-00A0C91BC942}") = "Averages", "Averages\Averages.vcxproj", "{B602FD5D-DE8D-4D1E-A48A-E73D4462EE98}"
EndProject
Project("{8BC9CEB8-8B4A-11D0-8D11-00A0C91BC942}") = "AthroughZ", "AthroughZ\AthroughZ.vcxproj", "{84B023A0-AB63-4A8F-811D-7376A0AED175}"
EndProject
Project("{8BC9CEB8-8B4A-11D0-8D11-00A0C91BC942}") = "Conditional Statements", "Conditional Statements\Conditional Statements.vcxproj", "{9ECD1102-3395-45BA-A915-B1CE2102073E}"
EndProject
Project("{8BC9CEB8-8B4A-11D0-8D11-00A0C91BC942}") = "Loops", "Loops\Loops.vcxproj", "{9749C997-EE9A-4E62-A760-EF6458C40ED7}"
EndProject
Project("{8BC9CEB8-8B4A-11D0-8D11-00A0C91BC942}") = "Arrays", "Arrays\Arrays.vcxproj", "{1AF923B1-E31C-454B-941D-147A81D24505}"
EndProject
Project("{8BC9CEB8-8B4A-11D0-8D11-00A0C91BC942}") = "Arrays_10numbers", "Arrays_10numbers\Arrays_10numbers.vcxproj", "{4AD9A154-8DDF-465A-9C4E-669319AA2BEC}"
EndProject
Project("{8BC9CEB8-8B4A-11D0-8D11-00A0C91BC942}") = "Exponentiation", "Exponentiation\Exponentiation.vcxproj", "{2249D9CA-C46F-41C0-8A9C-4314C9429422}"
EndProject
Project("{8BC9CEB8-8B4A-11D0-8D11-00A0C91BC942}") = "Structure", "Functions\Functions.vcxproj", "{9FDAB42F-F5B7-4EDE-95A8-0F878B262D77}"
EndProject
Project("{8BC9CEB8-8B4A-11D0-8D11-00A0C91BC942}") = "Experiment", "Pointers to Memory\Pointers to Memory.vcxproj", "{357E2418-B978-4697-AFAB-359CEAA69799}"
EndProject
Project("{8BC9CEB8-8B4A-11D0-8D11-00A0C91BC942}") = "Dinosaur", "Dinosaur\Dinosaur.vcxproj", "{EAD37AFB-6F49-41CB-9332-529E4AE829CF}"
EndProject
Project("{8BC9CEB8-8B4A-11D0-8D11-00A0C91BC942}") = "Function", "Function\Function.vcxproj", "{CFDD7A2D-3D9A-4C07-966B-23C59F2FF562}"
EndProject
Global
	GlobalSection(SolutionConfigurationPlatforms) = preSolution
		Debug|Any CPU = Debug|Any CPU
		Debug|x64 = Debug|x64
		Debug|x86 = Debug|x86
		Release|Any CPU = Release|Any CPU
		Release|x64 = Release|x64
		Release|x86 = Release|x86
	EndGlobalSection
	GlobalSection(ProjectConfigurationPlatforms) = postSolution
		{9BD4ABD6-B3CF-412C-AB35-3A4810B737E2}.Debug|Any CPU.ActiveCfg = Debug|Win32
		{9BD4ABD6-B3CF-412C-AB35-3A4810B737E2}.Debug|x64.ActiveCfg = Debug|x64
		{9BD4ABD6-B3CF-412C-AB35-3A4810B737E2}.Debug|x64.Build.0 = Debug|x64
		{9BD4ABD6-B3CF-412C-AB35-3A4810B737E2}.Debug|x86.ActiveCfg = Debug|Win32
		{9BD4ABD6-B3CF-412C-AB35-3A4810B737E2}.Debug|x86.Build.0 = Debug|Win32
		{9BD4ABD6-B3CF-412C-AB35-3A4810B737E2}.Release|Any CPU.ActiveCfg = Release|Win32
		{9BD4ABD6-B3CF-412C-AB35-3A4810B737E2}.Release|x64.ActiveCfg = Release|x64
		{9BD4ABD6-B3CF-412C-AB35-3A4810B737E2}.Release|x64.Build.0 = Release|x64
		{9BD4ABD6-B3CF-412C-AB35-3A4810B737E2}.Release|x86.ActiveCfg = Release|Win32
		{9BD4ABD6-B3CF-412C-AB35-3A4810B737E2}.Release|x86.Build.0 = Release|Win32
		{8D9EFFFE-4749-44A3-A4AD-2E4980CF7DFF}.Debug|Any CPU.ActiveCfg = Debug|Win32
		{8D9EFFFE-4749-44A3-A4AD-2E4980CF7DFF}.Debug|x64.ActiveCfg = Debug|x64
		{8D9EFFFE-4749-44A3-A4AD-2E4980CF7DFF}.Debug|x64.Build.0 = Debug|x64
		{8D9EFFFE-4749-44A3-A4AD-2E4980CF7DFF}.Debug|x86.ActiveCfg = Debug|Win32
		{8D9EFFFE-4749-44A3-A4AD-2E4980CF7DFF}.Debug|x86.Build.0 = Debug|Win32
		{8D9EFFFE-4749-44A3-A4AD-2E4980CF7DFF}.Release|Any CPU.ActiveCfg = Release|Win32
		{8D9EFFFE-4749-44A3-A4AD-2E4980CF7DFF}.Release|x64.ActiveCfg = Release|x64
		{8D9EFFFE-4749-44A3-A4AD-2E4980CF7DFF}.Release|x64.Build.0 = Release|x64
		{8D9EFFFE-4749-44A3-A4AD-2E4980CF7DFF}.Release|x86.ActiveCfg = Release|Win32
		{8D9EFFFE-4749-44A3-A4AD-2E4980CF7DFF}.Release|x86.Build.0 = Release|Win32
		{B602FD5D-DE8D-4D1E-A48A-E73D4462EE98}.Debug|Any CPU.ActiveCfg = Debug|Win32
		{B602FD5D-DE8D-4D1E-A48A-E73D4462EE98}.Debug|x64.ActiveCfg = Debug|x64
		{B602FD5D-DE8D-4D1E-A48A-E73D4462EE98}.Debug|x64.Build.0 = Debug|x64
		{B602FD5D-DE8D-4D1E-A48A-E73D4462EE98}.Debug|x86.ActiveCfg = Debug|Win32
		{B602FD5D-DE8D-4D1E-A48A-E73D4462EE98}.Debug|x86.Build.0 = Debug|Win32
		{B602FD5D-DE8D-4D1E-A48A-E73D4462EE98}.Release|Any CPU.ActiveCfg = Release|Win32
		{B602FD5D-DE8D-4D1E-A48A-E73D4462EE98}.Release|x64.ActiveCfg = Release|x64
		{B602FD5D-DE8D-4D1E-A48A-E73D4462EE98}.Release|x64.Build.0 = Release|x64
		{B602FD5D-DE8D-4D1E-A48A-E73D4462EE98}.Release|x86.ActiveCfg = Release|Win32
		{B602FD5D-DE8D-4D1E-A48A-E73D4462EE98}.Release|x86.Build.0 = Release|Win32
		{84B023A0-AB63-4A8F-811D-7376A0AED175}.Debug|Any CPU.ActiveCfg = Debug|Win32
		{84B023A0-AB63-4A8F-811D-7376A0AED175}.Debug|x64.ActiveCfg = Debug|x64
		{84B023A0-AB63-4A8F-811D-7376A0AED175}.Debug|x64.Build.0 = Debug|x64
		{84B023A0-AB63-4A8F-811D-7376A0AED175}.Debug|x86.ActiveCfg = Debug|Win32
		{84B023A0-AB63-4A8F-811D-7376A0AED175}.Debug|x86.Build.0 = Debug|Win32
		{84B023A0-AB63-4A8F-811D-7376A0AED175}.Release|Any CPU.ActiveCfg = Release|Win32
		{84B023A0-AB63-4A8F-811D-7376A0AED175}.Release|x64.ActiveCfg = Release|x64
		{84B023A0-AB63-4A8F-811D-7376A0AED175}.Release|x64.Build.0 = Release|x64
		{84B023A0-AB63-4A8F-811D-7376A0AED175}.Release|x86.ActiveCfg = Release|Win32
		{84B023A0-AB63-4A8F-811D-7376A0AED175}.Release|x86.Build.0 = Release|Win32
		{9ECD1102-3395-45BA-A915-B1CE2102073E}.Debug|Any CPU.ActiveCfg = Debug|Win32
		{9ECD1102-3395-45BA-A915-B1CE2102073E}.Debug|x64.ActiveCfg = Debug|x64
		{9ECD1102-3395-45BA-A915-B1CE2102073E}.Debug|x64.Build.0 = Debug|x64
		{9ECD1102-3395-45BA-A915-B1CE2102073E}.Debug|x86.ActiveCfg = Debug|Win32
		{9ECD1102-3395-45BA-A915-B1CE2102073E}.Debug|x86.Build.0 = Debug|Win32
		{9ECD1102-3395-45BA-A915-B1CE2102073E}.Release|Any CPU.ActiveCfg = Release|Win32
		{9ECD1102-3395-45BA-A915-B1CE2102073E}.Release|x64.ActiveCfg = Release|x64
		{9ECD1102-3395-45BA-A915-B1CE2102073E}.Release|x64.Build.0 = Release|x64
		{9ECD1102-3395-45BA-A915-B1CE2102073E}.Release|x86.ActiveCfg = Release|Win32
		{9ECD1102-3395-45BA-A915-B1CE2102073E}.Release|x86.Build.0 = Release|Win32
		{9749C997-EE9A-4E62-A760-EF6458C40ED7}.Debug|Any CPU.ActiveCfg = Debug|Win32
		{9749C997-EE9A-4E62-A760-EF6458C40ED7}.Debug|x64.ActiveCfg = Debug|x64
		{9749C997-EE9A-4E62-A760-EF6458C40ED7}.Debug|x64.Build.0 = Debug|x64
		{9749C997-EE9A-4E62-A760-EF6458C40ED7}.Debug|x86.ActiveCfg = Debug|Win32
		{9749C997-EE9A-4E62-A760-EF6458C40ED7}.Debug|x86.Build.0 = Debug|Win32
		{9749C997-EE9A-4E62-A760-EF6458C40ED7}.Release|Any CPU.ActiveCfg = Release|Win32
		{9749C997-EE9A-4E62-A760-EF6458C40ED7}.Release|x64.ActiveCfg = Release|x64
		{9749C997-EE9A-4E62-A760-EF6458C40ED7}.Release|x64.Build.0 = Release|x64
		{9749C997-EE9A-4E62-A760-EF6458C40ED7}.Release|x86.ActiveCfg = Release|Win32
		{9749C997-EE9A-4E62-A760-EF6458C40ED7}.Release|x86.Build.0 = Release|Win32
		{1AF923B1-E31C-454B-941D-147A81D24505}.Debug|Any CPU.ActiveCfg = Debug|Win32
		{1AF923B1-E31C-454B-941D-147A81D24505}.Debug|x64.ActiveCfg = Debug|x64
		{1AF923B1-E31C-454B-941D-147A81D24505}.Debug|x64.Build.0 = Debug|x64
		{1AF923B1-E31C-454B-941D-147A81D24505}.Debug|x86.ActiveCfg = Debug|Win32
		{1AF923B1-E31C-454B-941D-147A81D24505}.Debug|x86.Build.0 = Debug|Win32
		{1AF923B1-E31C-454B-941D-147A81D24505}.Release|Any CPU.ActiveCfg = Release|Win32
		{1AF923B1-E31C-454B-941D-147A81D24505}.Release|x64.ActiveCfg = Release|x64
		{1AF923B1-E31C-454B-941D-147A81D24505}.Release|x64.Build.0 = Release|x64
		{1AF923B1-E31C-454B-941D-147A81D24505}.Release|x86.ActiveCfg = Release|Win32
		{1AF923B1-E31C-454B-941D-147A81D24505}.Release|x86.Build.0 = Release|Win32
		{4AD9A154-8DDF-465A-9C4E-669319AA2BEC}.Debug|Any CPU.ActiveCfg = Debug|Win32
		{4AD9A154-8DDF-465A-9C4E-669319AA2BEC}.Debug|x64.ActiveCfg = Debug|x64
		{4AD9A154-8DDF-465A-9C4E-669319AA2BEC}.Debug|x64.Build.0 = Debug|x64
		{4AD9A154-8DDF-465A-9C4E-669319AA2BEC}.Debug|x86.ActiveCfg = Debug|Win32
		{4AD9A154-8DDF-465A-9C4E-669319AA2BEC}.Debug|x86.Build.0 = Debug|Win32
		{4AD9A154-8DDF-465A-9C4E-669319AA2BEC}.Release|Any CPU.ActiveCfg = Release|Win32
		{4AD9A154-8DDF-465A-9C4E-669319AA2BEC}.Release|x64.ActiveCfg = Release|x64
		{4AD9A154-8DDF-465A-9C4E-669319AA2BEC}.Release|x64.Build.0 = Release|x64
		{4AD9A154-8DDF-465A-9C4E-669319AA2BEC}.Release|x86.ActiveCfg = Release|Win32
		{4AD9A154-8DDF-465A-9C4E-669319AA2BEC}.Release|x86.Build.0 = Release|Win32
		{2249D9CA-C46F-41C0-8A9C-4314C9429422}.Debug|Any CPU.ActiveCfg = Debug|Win32
		{2249D9CA-C46F-41C0-8A9C-4314C9429422}.Debug|x64.ActiveCfg = Debug|x64
		{2249D9CA-C46F-41C0-8A9C-4314C9429422}.Debug|x64.Build.0 = Debug|x64
		{2249D9CA-C46F-41C0-8A9C-4314C9429422}.Debug|x86.ActiveCfg = Debug|Win32
		{2249D9CA-C46F-41C0-8A9C-4314C9429422}.Debug|x86.Build.0 = Debug|Win32
		{2249D9CA-C46F-41C0-8A9C-4314C9429422}.Release|Any CPU.ActiveCfg = Release|Win32
		{2249D9CA-C46F-41C0-8A9C-4314C9429422}.Release|x64.ActiveCfg = Release|x64
		{2249D9CA-C46F-41C0-8A9C-4314C9429422}.Release|x64.Build.0 = Release|x64
		{2249D9CA-C46F-41C0-8A9C-4314C9429422}.Release|x86.ActiveCfg = Release|Win32
		{2249D9CA-C46F-41C0-8A9C-4314C9429422}.Release|x86.Build.0 = Release|Win32
		{9FDAB42F-F5B7-4EDE-95A8-0F878B262D77}.Debug|Any CPU.ActiveCfg = Debug|Win32
		{9FDAB42F-F5B7-4EDE-95A8-0F878B262D77}.Debug|x64.ActiveCfg = Debug|x64
		{9FDAB42F-F5B7-4EDE-95A8-0F878B262D77}.Debug|x64.Build.0 = Debug|x64
		{9FDAB42F-F5B7-4EDE-95A8-0F878B262D77}.Debug|x86.ActiveCfg = Debug|Win32
		{9FDAB42F-F5B7-4EDE-95A8-0F878B262D77}.Debug|x86.Build.0 = Debug|Win32
		{9FDAB42F-F5B7-4EDE-95A8-0F878B262D77}.Release|Any CPU.ActiveCfg = Release|Win32
		{9FDAB42F-F5B7-4EDE-95A8-0F878B262D77}.Release|x64.ActiveCfg = Release|x64
		{9FDAB42F-F5B7-4EDE-95A8-0F878B262D77}.Release|x64.Build.0 = Release|x64
		{9FDAB42F-F5B7-4EDE-95A8-0F878B262D77}.Release|x86.ActiveCfg = Release|Win32
		{9FDAB42F-F5B7-4EDE-95A8-0F878B262D77}.Release|x86.Build.0 = Release|Win32
		{357E2418-B978-4697-AFAB-359CEAA69799}.Debug|Any CPU.ActiveCfg = Debug|Win32
		{357E2418-B978-4697-AFAB-359CEAA69799}.Debug|x64.ActiveCfg = Debug|x64
		{357E2418-B978-4697-AFAB-359CEAA69799}.Debug|x64.Build.0 = Debug|x64
		{357E2418-B978-4697-AFAB-359CEAA69799}.Debug|x86.ActiveCfg = Debug|Win32
		{357E2418-B978-4697-AFAB-359CEAA69799}.Debug|x86.Build.0 = Debug|Win32
		{357E2418-B978-4697-AFAB-359CEAA69799}.Release|Any CPU.ActiveCfg = Release|Win32
		{357E2418-B978-4697-AFAB-359CEAA69799}.Release|x64.ActiveCfg = Release|x64
		{357E2418-B978-4697-AFAB-359CEAA69799}.Release|x64.Build.0 = Release|x64
		{357E2418-B978-4697-AFAB-359CEAA69799}.Release|x86.ActiveCfg = Release|Win32
		{357E2418-B978-4697-AFAB-359CEAA69799}.Release|x86.Build.0 = Release|Win32
		{EAD37AFB-6F49-41CB-9332-529E4AE829CF}.Debug|Any CPU.ActiveCfg = Debug|Win32
		{EAD37AFB-6F49-41CB-9332-529E4AE829CF}.Debug|x64.ActiveCfg = Debug|x64
		{EAD37AFB-6F49-41CB-9332-529E4AE829CF}.Debug|x64.Build.0 = Debug|x64
		{EAD37AFB-6F49-41CB-9332-529E4AE829CF}.Debug|x86.ActiveCfg = Debug|Win32
		{EAD37AFB-6F49-41CB-9332-529E4AE829CF}.Debug|x86.Build.0 = Debug|Win32
		{EAD37AFB-6F49-41CB-9332-529E4AE829CF}.Release|Any CPU.ActiveCfg = Release|Win32
		{EAD37AFB-6F49-41CB-9332-529E4AE829CF}.Release|x64.ActiveCfg = Release|x64
		{EAD37AFB-6F49-41CB-9332-529E4AE829CF}.Release|x64.Build.0 = Release|x64
		{EAD37AFB-6F49-41CB-9332-529E4AE829CF}.Release|x86.ActiveCfg = Release|Win32
		{EAD37AFB-6F49-41CB-9332-529E4AE829CF}.Release|x86.Build.0 = Release|Win32
		{CFDD7A2D-3D9A-4C07-966B-23C59F2FF562}.Debug|Any CPU.ActiveCfg = Debug|Win32
		{CFDD7A2D-3D9A-4C07-966B-23C59F2FF562}.Debug|x64.ActiveCfg = Debug|x64
		{CFDD7A2D-3D9A-4C07-966B-23C59F2FF562}.Debug|x64.Build.0 = Debug|x64
		{CFDD7A2D-3D9A-4C07-966B-23C59F2FF562}.Debug|x86.ActiveCfg = Debug|Win32
		{CFDD7A2D-3D9A-4C07-966B-23C59F2FF562}.Debug|x86.Build.0 = Debug|Win32
		{CFDD7A2D-3D9A-4C07-966B-23C59F2FF562}.Release|Any CPU.ActiveCfg = Release|Win32
		{CFDD7A2D-3D9A-4C07-966B-23C59F2FF562}.Release|x64.ActiveCfg = Release|x64
		{CFDD7A2D-3D9A-4C07-966B-23C59F2FF562}.Release|x64.Build.0 = Release|x64
		{CFDD7A2D-3D9A-4C07-966B-23C59F2FF562}.Release|x86.ActiveCfg = Release|Win32
		{CFDD7A2D-3D9A-4C07-966B-23C59F2FF562}.Release|x86.Build.0 = Release|Win32
	EndGlobalSection
	GlobalSection(SolutionProperties) = preSolution
		HideSolutionNode = FALSE
	EndGlobalSection
EndGlobal
